
Microsoft Visual Studio Solution File, Format Version 12.00
# Visual Studio 2013
VisualStudioVersion = 12.0.21005.1
MinimumVisualStudioVersion = 10.0.40219.1
Project("{FAE04EC0-301F-11D3-BF4B-00C04F79EFBC}") = "Innovile.Geo", "Innovile.Geo\Innovile.Geo.csproj", "{80B4EBF0-334E-4B6B-A15A-C70A5128885A}"
EndProject
Project("{FAE04EC0-301F-11D3-BF4B-00C04F79EFBC}") = "Innovile.Core", "Innovile.Core\Innovile.Core.csproj", "{21754257-34DB-446A-9C60-514731DB91CA}"
EndProject
Project("{FAE04EC0-301F-11D3-BF4B-00C04F79EFBC}") = "Innovile.DB", "Innovile.DB\Innovile.DB.csproj", "{66B4481D-83D5-4498-967E-79914C7BACA2}"
EndProject
Project("{FAE04EC0-301F-11D3-BF4B-00C04F79EFBC}") = "Innovile.Net", "Innovile.Net\Innovile.Net.csproj", "{033BE49E-74F1-4D60-BECF-8C7545ADAE1E}"
EndProject
Global
	GlobalSection(SolutionConfigurationPlatforms) = preSolution
		Debug|Any CPU = Debug|Any CPU
		Release|Any CPU = Release|Any CPU
	EndGlobalSection
	GlobalSection(ProjectConfigurationPlatforms) = postSolution
		{80B4EBF0-334E-4B6B-A15A-C70A5128885A}.Debug|Any CPU.ActiveCfg = Debug|Any CPU
		{80B4EBF0-334E-4B6B-A15A-C70A5128885A}.Debug|Any CPU.Build.0 = Debug|Any CPU
		{80B4EBF0-334E-4B6B-A15A-C70A5128885A}.Release|Any CPU.ActiveCfg = Release|Any CPU
		{80B4EBF0-334E-4B6B-A15A-C70A5128885A}.Release|Any CPU.Build.0 = Release|Any CPU
		{21754257-34DB-446A-9C60-514731DB91CA}.Debug|Any CPU.ActiveCfg = Debug|Any CPU
		{21754257-34DB-446A-9C60-514731DB91CA}.Debug|Any CPU.Build.0 = Debug|Any CPU
		{21754257-34DB-446A-9C60-514731DB91CA}.Release|Any CPU.ActiveCfg = Release|Any CPU
		{21754257-34DB-446A-9C60-514731DB91CA}.Release|Any CPU.Build.0 = Release|Any CPU
		{66B4481D-83D5-4498-967E-79914C7BACA2}.Debug|Any CPU.ActiveCfg = Debug|Any CPU
		{66B4481D-83D5-4498-967E-79914C7BACA2}.Debug|Any CPU.Build.0 = Debug|Any CPU
		{66B4481D-83D5-4498-967E-79914C7BACA2}.Release|Any CPU.ActiveCfg = Release|Any CPU
		{66B4481D-83D5-4498-967E-79914C7BACA2}.Release|Any CPU.Build.0 = Release|Any CPU
		{033BE49E-74F1-4D60-BECF-8C7545ADAE1E}.Debug|Any CPU.ActiveCfg = Debug|Any CPU
		{033BE49E-74F1-4D60-BECF-8C7545ADAE1E}.Debug|Any CPU.Build.0 = Debug|Any CPU
		{033BE49E-74F1-4D60-BECF-8C7545ADAE1E}.Release|Any CPU.ActiveCfg = Release|Any CPU
		{033BE49E-74F1-4D60-BECF-8C7545ADAE1E}.Release|Any CPU.Build.0 = Release|Any CPU
	EndGlobalSection
	GlobalSection(SolutionProperties) = preSolution
		HideSolutionNode = FALSE
	EndGlobalSection
EndGlobal
